
Microsoft Visual Studio Solution File, Format Version 12.00
# Visual Studio Version 17
VisualStudioVersion = 17.8.34322.80
MinimumVisualStudioVersion = 10.0.40219.1
Project("{FAE04EC0-301F-11D3-BF4B-00C04F79EFBC}") = "MyApp", "MyApp.csproj", "{FD748A6D-F85B-4D5D-A0A1-302402ECD0FB}"
EndProject
Global
	GlobalSection(SolutionConfigurationPlatforms) = preSolution
		Debug|Any CPU = Debug|Any CPU
		Release|Any CPU = Release|Any CPU
	EndGlobalSection
	GlobalSection(ProjectConfigurationPlatforms) = postSolution
		{FD748A6D-F85B-4D5D-A0A1-302402ECD0FB}.Debug|Any CPU.ActiveCfg = Debug|Any CPU
		{FD748A6D-F85B-4D5D-A0A1-302402ECD0FB}.Debug|Any CPU.Build.0 = Debug|Any CPU
		{FD748A6D-F85B-4D5D-A0A1-302402ECD0FB}.Release|Any CPU.ActiveCfg = Release|Any CPU
		{FD748A6D-F85B-4D5D-A0A1-302402ECD0FB}.Release|Any CPU.Build.0 = Release|Any CPU
	EndGlobalSection
	GlobalSection(SolutionProperties) = preSolution
		HideSolutionNode = FALSE
	EndGlobalSection
	GlobalSection(ExtensibilityGlobals) = postSolution
		SolutionGuid = {1F5DD429-C64A-4ADE-AF73-11205B97AD8F}
	EndGlobalSection
EndGlobal
